
Microsoft Visual Studio Solution File, Format Version 11.00
# Visual C++ Express 2010
Project("{8BC9CEB8-8B4A-11D0-8D11-00A0C91BC942}") = "DraGo", "DraGo\DraGo.vcxproj", "{9B6DB659-0804-4B81-AF6D-F5BBC78848D7}"
EndProject
Global
	GlobalSection(SolutionConfigurationPlatforms) = preSolution
		Debug|Win32 = Debug|Win32
		Release|Win32 = Release|Win32
	EndGlobalSection
	GlobalSection(ProjectConfigurationPlatforms) = postSolution
		{9B6DB659-0804-4B81-AF6D-F5BBC78848D7}.Debug|Win32.ActiveCfg = Debug|Win32
		{9B6DB659-0804-4B81-AF6D-F5BBC78848D7}.Debug|Win32.Build.0 = Debug|Win32
		{9B6DB659-0804-4B81-AF6D-F5BBC78848D7}.Release|Win32.ActiveCfg = Release|Win32
		{9B6DB659-0804-4B81-AF6D-F5BBC78848D7}.Release|Win32.Build.0 = Release|Win32
	EndGlobalSection
	GlobalSection(SolutionProperties) = preSolution
		HideSolutionNode = FALSE
	EndGlobalSection
EndGlobal
